
Microsoft Visual Studio Solution File, Format Version 12.00
# Visual Studio Version 17
VisualStudioVersion = 17.0.31903.59
MinimumVisualStudioVersion = 10.0.40219.1
Project("{FAE04EC0-301F-11D3-BF4B-00C04F79EFBC}") = "day3", "day3\day3.csproj", "{151E5784-EDF2-49FE-8C09-918ED966C23B}"
EndProject
Global
	GlobalSection(SolutionConfigurationPlatforms) = preSolution
		Debug|Any CPU = Debug|Any CPU
		Release|Any CPU = Release|Any CPU
	EndGlobalSection
	GlobalSection(SolutionProperties) = preSolution
		HideSolutionNode = FALSE
	EndGlobalSection
	GlobalSection(ProjectConfigurationPlatforms) = postSolution
		{151E5784-EDF2-49FE-8C09-918ED966C23B}.Debug|Any CPU.ActiveCfg = Debug|Any CPU
		{151E5784-EDF2-49FE-8C09-918ED966C23B}.Debug|Any CPU.Build.0 = Debug|Any CPU
		{151E5784-EDF2-49FE-8C09-918ED966C23B}.Release|Any CPU.ActiveCfg = Release|Any CPU
		{151E5784-EDF2-49FE-8C09-918ED966C23B}.Release|Any CPU.Build.0 = Release|Any CPU
	EndGlobalSection
EndGlobal
