
Microsoft Visual Studio Solution File, Format Version 12.00
# Visual Studio Version 17
VisualStudioVersion = 17.0.31903.59
MinimumVisualStudioVersion = 10.0.40219.1
Project("{FAE04EC0-301F-11D3-BF4B-00C04F79EFBC}") = "day2", "day2\day2.csproj", "{26ADDDBF-29F9-4EC5-AB4B-BE9F21A21E21}"
EndProject
Global
	GlobalSection(SolutionConfigurationPlatforms) = preSolution
		Debug|Any CPU = Debug|Any CPU
		Release|Any CPU = Release|Any CPU
	EndGlobalSection
	GlobalSection(SolutionProperties) = preSolution
		HideSolutionNode = FALSE
	EndGlobalSection
	GlobalSection(ProjectConfigurationPlatforms) = postSolution
		{26ADDDBF-29F9-4EC5-AB4B-BE9F21A21E21}.Debug|Any CPU.ActiveCfg = Debug|Any CPU
		{26ADDDBF-29F9-4EC5-AB4B-BE9F21A21E21}.Debug|Any CPU.Build.0 = Debug|Any CPU
		{26ADDDBF-29F9-4EC5-AB4B-BE9F21A21E21}.Release|Any CPU.ActiveCfg = Release|Any CPU
		{26ADDDBF-29F9-4EC5-AB4B-BE9F21A21E21}.Release|Any CPU.Build.0 = Release|Any CPU
	EndGlobalSection
EndGlobal
