
Microsoft Visual Studio Solution File, Format Version 12.00
# Visual Studio Version 17
VisualStudioVersion = 17.5.002.0
MinimumVisualStudioVersion = 10.0.40219.1
Project("{9A19103F-16F7-4668-BE54-9A1E7A4F7556}") = "day7", "day7.csproj", "{BF665420-31E8-4B6F-8E08-32681B2ACD33}"
EndProject
Global
	GlobalSection(SolutionConfigurationPlatforms) = preSolution
		Debug|Any CPU = Debug|Any CPU
		Release|Any CPU = Release|Any CPU
	EndGlobalSection
	GlobalSection(ProjectConfigurationPlatforms) = postSolution
		{BF665420-31E8-4B6F-8E08-32681B2ACD33}.Debug|Any CPU.ActiveCfg = Debug|Any CPU
		{BF665420-31E8-4B6F-8E08-32681B2ACD33}.Debug|Any CPU.Build.0 = Debug|Any CPU
		{BF665420-31E8-4B6F-8E08-32681B2ACD33}.Release|Any CPU.ActiveCfg = Release|Any CPU
		{BF665420-31E8-4B6F-8E08-32681B2ACD33}.Release|Any CPU.Build.0 = Release|Any CPU
	EndGlobalSection
	GlobalSection(SolutionProperties) = preSolution
		HideSolutionNode = FALSE
	EndGlobalSection
	GlobalSection(ExtensibilityGlobals) = postSolution
		SolutionGuid = {A9A56F89-AA17-44A4-BCC1-4F2D3F9346B2}
	EndGlobalSection
EndGlobal
