
Microsoft Visual Studio Solution File, Format Version 12.00
# Visual Studio Version 17
VisualStudioVersion = 17.0.31903.59
MinimumVisualStudioVersion = 10.0.40219.1
Project("{FAE04EC0-301F-11D3-BF4B-00C04F79EFBC}") = "day2", "day2\day2.csproj", "{F2856298-C43F-4589-B558-482DF6E60597}"
EndProject
Global
	GlobalSection(SolutionConfigurationPlatforms) = preSolution
		Debug|Any CPU = Debug|Any CPU
		Release|Any CPU = Release|Any CPU
	EndGlobalSection
	GlobalSection(SolutionProperties) = preSolution
		HideSolutionNode = FALSE
	EndGlobalSection
	GlobalSection(ProjectConfigurationPlatforms) = postSolution
		{F2856298-C43F-4589-B558-482DF6E60597}.Debug|Any CPU.ActiveCfg = Debug|Any CPU
		{F2856298-C43F-4589-B558-482DF6E60597}.Debug|Any CPU.Build.0 = Debug|Any CPU
		{F2856298-C43F-4589-B558-482DF6E60597}.Release|Any CPU.ActiveCfg = Release|Any CPU
		{F2856298-C43F-4589-B558-482DF6E60597}.Release|Any CPU.Build.0 = Release|Any CPU
	EndGlobalSection
EndGlobal
